// !$*UTF8*$!
{
	archiveVersion = 1;
	classes = {
	};
	objectVersion = 56;
	objects = {

/* Begin PBXBuildFile section */
		04E18F942A189FA6005E73E3 /* main.cpp in Sources */ = {isa = PBXBuildFile; fileRef = 04E18F932A189FA6005E73E3 /* main.cpp */; };
		04E18F9D2A18A5F8005E73E3 /* Noise2D.cpp in Sources */ = {isa = PBXBuildFile; fileRef = 04E18F9B2A18A5F8005E73E3 /* Noise2D.cpp */; };
		04E18FA02A18B62C005E73E3 /* GameObject.cpp in Sources */ = {isa = PBXBuildFile; fileRef = 04E18F9E2A18B62C005E73E3 /* GameObject.cpp */; };
		04E18FA32A18C31D005E73E3 /* World.cpp in Sources */ = {isa = PBXBuildFile; fileRef = 04E18FA12A18C31D005E73E3 /* World.cpp */; };
		04E18FA62A18EDC2005E73E3 /* libncurses.5.4.tbd in Frameworks */ = {isa = PBXBuildFile; fileRef = 04E18FA52A18EDC2005E73E3 /* libncurses.5.4.tbd */; };
		04E18FAB2A193647005E73E3 /* Contorller.cpp in Sources */ = {isa = PBXBuildFile; fileRef = 04E18FA92A193647005E73E3 /* Contorller.cpp */; };
		04E18FAD2A1A034C005E73E3 /* Makefile in Sources */ = {isa = PBXBuildFile; fileRef = 04E18FAC2A1A034C005E73E3 /* Makefile */; };
/* End PBXBuildFile section */

/* Begin PBXCopyFilesBuildPhase section */
		04E18F8E2A189FA6005E73E3 /* CopyFiles */ = {
			isa = PBXCopyFilesBuildPhase;
			buildActionMask = 2147483647;
			dstPath = /usr/share/man/man1/;
			dstSubfolderSpec = 0;
			files = (
			);
			runOnlyForDeploymentPostprocessing = 1;
		};
/* End PBXCopyFilesBuildPhase section */

/* Begin PBXFileReference section */
		04E18F902A189FA6005E73E3 /* Concraft */ = {isa = PBXFileReference; explicitFileType = "compiled.mach-o.executable"; includeInIndex = 0; path = Concraft; sourceTree = BUILT_PRODUCTS_DIR; };
		04E18F932A189FA6005E73E3 /* main.cpp */ = {isa = PBXFileReference; lastKnownFileType = sourcecode.cpp.cpp; path = main.cpp; sourceTree = "<group>"; };
		04E18F9B2A18A5F8005E73E3 /* Noise2D.cpp */ = {isa = PBXFileReference; lastKnownFileType = sourcecode.cpp.cpp; path = Noise2D.cpp; sourceTree = "<group>"; };
		04E18F9C2A18A5F8005E73E3 /* Noise2D.hpp */ = {isa = PBXFileReference; lastKnownFileType = sourcecode.cpp.h; path = Noise2D.hpp; sourceTree = "<group>"; };
		04E18F9E2A18B62C005E73E3 /* GameObject.cpp */ = {isa = PBXFileReference; lastKnownFileType = sourcecode.cpp.cpp; path = GameObject.cpp; sourceTree = "<group>"; };
		04E18F9F2A18B62C005E73E3 /* GameObject.hpp */ = {isa = PBXFileReference; lastKnownFileType = sourcecode.cpp.h; path = GameObject.hpp; sourceTree = "<group>"; };
		04E18FA12A18C31D005E73E3 /* World.cpp */ = {isa = PBXFileReference; lastKnownFileType = sourcecode.cpp.cpp; path = World.cpp; sourceTree = "<group>"; };
		04E18FA22A18C31D005E73E3 /* World.hpp */ = {isa = PBXFileReference; lastKnownFileType = sourcecode.cpp.h; path = World.hpp; sourceTree = "<group>"; };
		04E18FA52A18EDC2005E73E3 /* libncurses.5.4.tbd */ = {isa = PBXFileReference; lastKnownFileType = "sourcecode.text-based-dylib-definition"; name = libncurses.5.4.tbd; path = usr/lib/libncurses.5.4.tbd; sourceTree = SDKROOT; };
		04E18FA82A18EE93005E73E3 /* mathpls.h */ = {isa = PBXFileReference; lastKnownFileType = sourcecode.c.h; path = mathpls.h; sourceTree = "<group>"; };
		04E18FA92A193647005E73E3 /* Contorller.cpp */ = {isa = PBXFileReference; lastKnownFileType = sourcecode.cpp.cpp; path = Contorller.cpp; sourceTree = "<group>"; };
		04E18FAA2A193647005E73E3 /* Contorller.hpp */ = {isa = PBXFileReference; lastKnownFileType = sourcecode.cpp.h; path = Contorller.hpp; sourceTree = "<group>"; };
		04E18FAC2A1A034C005E73E3 /* Makefile */ = {isa = PBXFileReference; lastKnownFileType = sourcecode.make; path = Makefile; sourceTree = "<group>"; };
		04E18FAE2A21C83F005E73E3 /* StaticRandom.hpp */ = {isa = PBXFileReference; lastKnownFileType = sourcecode.cpp.h; path = StaticRandom.hpp; sourceTree = "<group>"; };
/* End PBXFileReference section */

/* Begin PBXFrameworksBuildPhase section */
		04E18F8D2A189FA6005E73E3 /* Frameworks */ = {
			isa = PBXFrameworksBuildPhase;
			buildActionMask = 2147483647;
			files = (
				04E18FA62A18EDC2005E73E3 /* libncurses.5.4.tbd in Frameworks */,
			);
			runOnlyForDeploymentPostprocessing = 0;
		};
/* End PBXFrameworksBuildPhase section */

/* Begin PBXGroup section */
		04E18F872A189FA6005E73E3 = {
			isa = PBXGroup;
			children = (
				04E18F922A189FA6005E73E3 /* Concraft */,
				04E18F912A189FA6005E73E3 /* Products */,
				04E18FA42A18EDC2005E73E3 /* Frameworks */,
			);
			sourceTree = "<group>";
		};
		04E18F912A189FA6005E73E3 /* Products */ = {
			isa = PBXGroup;
			children = (
				04E18F902A189FA6005E73E3 /* Concraft */,
			);
			name = Products;
			sourceTree = "<group>";
		};
		04E18F922A189FA6005E73E3 /* Concraft */ = {
			isa = PBXGroup;
			children = (
				04E18F932A189FA6005E73E3 /* main.cpp */,
				04E18FA82A18EE93005E73E3 /* mathpls.h */,
				04E18FAE2A21C83F005E73E3 /* StaticRandom.hpp */,
				04E18F9B2A18A5F8005E73E3 /* Noise2D.cpp */,
				04E18F9C2A18A5F8005E73E3 /* Noise2D.hpp */,
				04E18F9E2A18B62C005E73E3 /* GameObject.cpp */,
				04E18F9F2A18B62C005E73E3 /* GameObject.hpp */,
				04E18FA12A18C31D005E73E3 /* World.cpp */,
				04E18FA22A18C31D005E73E3 /* World.hpp */,
				04E18FA92A193647005E73E3 /* Contorller.cpp */,
				04E18FAA2A193647005E73E3 /* Contorller.hpp */,
				04E18FAC2A1A034C005E73E3 /* Makefile */,
			);
			path = Concraft;
			sourceTree = "<group>";
		};
		04E18FA42A18EDC2005E73E3 /* Frameworks */ = {
			isa = PBXGroup;
			children = (
				04E18FA52A18EDC2005E73E3 /* libncurses.5.4.tbd */,
			);
			name = Frameworks;
			sourceTree = "<group>";
		};
/* End PBXGroup section */

/* Begin PBXNativeTarget section */
		04E18F8F2A189FA6005E73E3 /* Concraft */ = {
			isa = PBXNativeTarget;
			buildConfigurationList = 04E18F972A189FA6005E73E3 /* Build configuration list for PBXNativeTarget "Concraft" */;
			buildPhases = (
				04E18F8C2A189FA6005E73E3 /* Sources */,
				04E18F8D2A189FA6005E73E3 /* Frameworks */,
				04E18F8E2A189FA6005E73E3 /* CopyFiles */,
			);
			buildRules = (
			);
			dependencies = (
			);
			name = Concraft;
			productName = Concraft;
			productReference = 04E18F902A189FA6005E73E3 /* Concraft */;
			productType = "com.apple.product-type.tool";
		};
/* End PBXNativeTarget section */

/* Begin PBXProject section */
		04E18F882A189FA6005E73E3 /* Project object */ = {
			isa = PBXProject;
			attributes = {
				BuildIndependentTargetsInParallel = 1;
				LastUpgradeCheck = 1420;
				TargetAttributes = {
					04E18F8F2A189FA6005E73E3 = {
						CreatedOnToolsVersion = 14.2;
					};
				};
			};
			buildConfigurationList = 04E18F8B2A189FA6005E73E3 /* Build configuration list for PBXProject "Concraft" */;
			compatibilityVersion = "Xcode 14.0";
			developmentRegion = en;
			hasScannedForEncodings = 0;
			knownRegions = (
				en,
				Base,
			);
			mainGroup = 04E18F872A189FA6005E73E3;
			productRefGroup = 04E18F912A189FA6005E73E3 /* Products */;
			projectDirPath = "";
			projectRoot = "";
			targets = (
				04E18F8F2A189FA6005E73E3 /* Concraft */,
			);
		};
/* End PBXProject section */

/* Begin PBXSourcesBuildPhase section */
		04E18F8C2A189FA6005E73E3 /* Sources */ = {
			isa = PBXSourcesBuildPhase;
			buildActionMask = 2147483647;
			files = (
				04E18FAD2A1A034C005E73E3 /* Makefile in Sources */,
				04E18FAB2A193647005E73E3 /* Contorller.cpp in Sources */,
				04E18F9D2A18A5F8005E73E3 /* Noise2D.cpp in Sources */,
				04E18F942A189FA6005E73E3 /* main.cpp in Sources */,
				04E18FA32A18C31D005E73E3 /* World.cpp in Sources */,
				04E18FA02A18B62C005E73E3 /* GameObject.cpp in Sources */,
			);
			runOnlyForDeploymentPostprocessing = 0;
		};
/* End PBXSourcesBuildPhase section */

/* Begin XCBuildConfiguration section */
		04E18F952A189FA6005E73E3 /* Debug */ = {
			isa = XCBuildConfiguration;
			buildSettings = {
				ALWAYS_SEARCH_USER_PATHS = NO;
				CLANG_ANALYZER_NONNULL = YES;
				CLANG_ANALYZER_NUMBER_OBJECT_CONVERSION = YES_AGGRESSIVE;
				CLANG_CXX_LANGUAGE_STANDARD = "gnu++20";
				CLANG_ENABLE_MODULES = YES;
				CLANG_ENABLE_OBJC_ARC = YES;
				CLANG_ENABLE_OBJC_WEAK = YES;
				CLANG_WARN_BLOCK_CAPTURE_AUTORELEASING = YES;
				CLANG_WARN_BOOL_CONVERSION = YES;
				CLANG_WARN_COMMA = YES;
				CLANG_WARN_CONSTANT_CONVERSION = YES;
				CLANG_WARN_DEPRECATED_OBJC_IMPLEMENTATIONS = YES;
				CLANG_WARN_DIRECT_OBJC_ISA_USAGE = YES_ERROR;
				CLANG_WARN_DOCUMENTATION_COMMENTS = YES;
				CLANG_WARN_EMPTY_BODY = YES;
				CLANG_WARN_ENUM_CONVERSION = YES;
				CLANG_WARN_INFINITE_RECURSION = YES;
				CLANG_WARN_INT_CONVERSION = YES;
				CLANG_WARN_NON_LITERAL_NULL_CONVERSION = YES;
				CLANG_WARN_OBJC_IMPLICIT_RETAIN_SELF = YES;
				CLANG_WARN_OBJC_LITERAL_CONVERSION = YES;
				CLANG_WARN_OBJC_ROOT_CLASS = YES_ERROR;
				CLANG_WARN_QUOTED_INCLUDE_IN_FRAMEWORK_HEADER = YES;
				CLANG_WARN_RANGE_LOOP_ANALYSIS = YES;
				CLANG_WARN_STRICT_PROTOTYPES = YES;
				CLANG_WARN_SUSPICIOUS_MOVE = YES;
				CLANG_WARN_UNGUARDED_AVAILABILITY = YES_AGGRESSIVE;
				CLANG_WARN_UNREACHABLE_CODE = YES;
				CLANG_WARN__DUPLICATE_METHOD_MATCH = YES;
				COPY_PHASE_STRIP = NO;
				DEBUG_INFORMATION_FORMAT = dwarf;
				ENABLE_STRICT_OBJC_MSGSEND = YES;
				ENABLE_TESTABILITY = YES;
				GCC_C_LANGUAGE_STANDARD = gnu11;
				GCC_DYNAMIC_NO_PIC = NO;
				GCC_NO_COMMON_BLOCKS = YES;
				GCC_OPTIMIZATION_LEVEL = 0;
				GCC_PREPROCESSOR_DEFINITIONS = (
					"DEBUG=1",
					"$(inherited)",
				);
				GCC_WARN_64_TO_32_BIT_CONVERSION = YES;
				GCC_WARN_ABOUT_RETURN_TYPE = YES_ERROR;
				GCC_WARN_UNDECLARED_SELECTOR = YES;
				GCC_WARN_UNINITIALIZED_AUTOS = YES_AGGRESSIVE;
				GCC_WARN_UNUSED_FUNCTION = YES;
				GCC_WARN_UNUSED_VARIABLE = YES;
				MACOSX_DEPLOYMENT_TARGET = 13.1;
				MTL_ENABLE_DEBUG_INFO = INCLUDE_SOURCE;
				MTL_FAST_MATH = YES;
				ONLY_ACTIVE_ARCH = YES;
				SDKROOT = macosx;
			};
			name = Debug;
		};
		04E18F962A189FA6005E73E3 /* Release */ = {
			isa = XCBuildConfiguration;
			buildSettings = {
				ALWAYS_SEARCH_USER_PATHS = NO;
				CLANG_ANALYZER_NONNULL = YES;
				CLANG_ANALYZER_NUMBER_OBJECT_CONVERSION = YES_AGGRESSIVE;
				CLANG_CXX_LANGUAGE_STANDARD = "gnu++20";
				CLANG_ENABLE_MODULES = YES;
				CLANG_ENABLE_OBJC_ARC = YES;
				CLANG_ENABLE_OBJC_WEAK = YES;
				CLANG_WARN_BLOCK_CAPTURE_AUTORELEASING = YES;
				CLANG_WARN_BOOL_CONVERSION = YES;
				CLANG_WARN_COMMA = YES;
				CLANG_WARN_CONSTANT_CONVERSION = YES;
				CLANG_WARN_DEPRECATED_OBJC_IMPLEMENTATIONS = YES;
				CLANG_WARN_DIRECT_OBJC_ISA_USAGE = YES_ERROR;
				CLANG_WARN_DOCUMENTATION_COMMENTS = YES;
				CLANG_WARN_EMPTY_BODY = YES;
				CLANG_WARN_ENUM_CONVERSION = YES;
				CLANG_WARN_INFINITE_RECURSION = YES;
				CLANG_WARN_INT_CONVERSION = YES;
				CLANG_WARN_NON_LITERAL_NULL_CONVERSION = YES;
				CLANG_WARN_OBJC_IMPLICIT_RETAIN_SELF = YES;
				CLANG_WARN_OBJC_LITERAL_CONVERSION = YES;
				CLANG_WARN_OBJC_ROOT_CLASS = YES_ERROR;
				CLANG_WARN_QUOTED_INCLUDE_IN_FRAMEWORK_HEADER = YES;
				CLANG_WARN_RANGE_LOOP_ANALYSIS = YES;
				CLANG_WARN_STRICT_PROTOTYPES = YES;
				CLANG_WARN_SUSPICIOUS_MOVE = YES;
				CLANG_WARN_UNGUARDED_AVAILABILITY = YES_AGGRESSIVE;
				CLANG_WARN_UNREACHABLE_CODE = YES;
				CLANG_WARN__DUPLICATE_METHOD_MATCH = YES;
				COPY_PHASE_STRIP = NO;
				DEBUG_INFORMATION_FORMAT = "dwarf-with-dsym";
				ENABLE_NS_ASSERTIONS = NO;
				ENABLE_STRICT_OBJC_MSGSEND = YES;
				GCC_C_LANGUAGE_STANDARD = gnu11;
				GCC_NO_COMMON_BLOCKS = YES;
				GCC_WARN_64_TO_32_BIT_CONVERSION = YES;
				GCC_WARN_ABOUT_RETURN_TYPE = YES_ERROR;
				GCC_WARN_UNDECLARED_SELECTOR = YES;
				GCC_WARN_UNINITIALIZED_AUTOS = YES_AGGRESSIVE;
				GCC_WARN_UNUSED_FUNCTION = YES;
				GCC_WARN_UNUSED_VARIABLE = YES;
				MACOSX_DEPLOYMENT_TARGET = 13.1;
				MTL_ENABLE_DEBUG_INFO = NO;
				MTL_FAST_MATH = YES;
				SDKROOT = macosx;
			};
			name = Release;
		};
		04E18F982A189FA6005E73E3 /* Debug */ = {
			isa = XCBuildConfiguration;
			buildSettings = {
				CLANG_CXX_LANGUAGE_STANDARD = "c++14";
				CODE_SIGN_STYLE = Automatic;
				DEVELOPMENT_TEAM = CT236N5T34;
				ENABLE_HARDENED_RUNTIME = YES;
				PRODUCT_NAME = "$(TARGET_NAME)";
			};
			name = Debug;
		};
		04E18F992A189FA6005E73E3 /* Release */ = {
			isa = XCBuildConfiguration;
			buildSettings = {
				CLANG_CXX_LANGUAGE_STANDARD = "c++14";
				CODE_SIGN_STYLE = Automatic;
				DEVELOPMENT_TEAM = CT236N5T34;
				ENABLE_HARDENED_RUNTIME = YES;
				PRODUCT_NAME = "$(TARGET_NAME)";
			};
			name = Release;
		};
/* End XCBuildConfiguration section */

/* Begin XCConfigurationList section */
		04E18F8B2A189FA6005E73E3 /* Build configuration list for PBXProject "Concraft" */ = {
			isa = XCConfigurationList;
			buildConfigurations = (
				04E18F952A189FA6005E73E3 /* Debug */,
				04E18F962A189FA6005E73E3 /* Release */,
			);
			defaultConfigurationIsVisible = 0;
			defaultConfigurationName = Release;
		};
		04E18F972A189FA6005E73E3 /* Build configuration list for PBXNativeTarget "Concraft" */ = {
			isa = XCConfigurationList;
			buildConfigurations = (
				04E18F982A189FA6005E73E3 /* Debug */,
				04E18F992A189FA6005E73E3 /* Release */,
			);
			defaultConfigurationIsVisible = 0;
			defaultConfigurationName = Release;
		};
/* End XCConfigurationList section */
	};
	rootObject = 04E18F882A189FA6005E73E3 /* Project object */;
}
